
Microsoft Visual Studio Solution File, Format Version 12.00
# Visual Studio Version 17
VisualStudioVersion = 17.0.31903.59
MinimumVisualStudioVersion = 10.0.40219.1
Project("{2150E333-8FDC-42A3-9474-1A3956D46DE8}") = "apps", "apps", "{673ECB37-CDA8-4634-A581-747B40C66593}"
EndProject
Project("{2150E333-8FDC-42A3-9474-1A3956D46DE8}") = "Clouds", "Clouds", "{9CAF67E4-09A5-40CE-A1D5-A8CD9BE6CF38}"
EndProject
Project("{FAE04EC0-301F-11D3-BF4B-00C04F79EFBC}") = "CloudBackupsRecovery", "apps\Clouds\CloudBackupsRecovery\CloudBackupsRecovery.csproj", "{AABAFCCA-26EF-46E2-B88B-8CD659338682}"
EndProject
Project("{2150E333-8FDC-42A3-9474-1A3956D46DE8}") = "SystemAdministrator", "SystemAdministrator", "{60A2F1FB-0A3D-4737-95F0-CBBCA4A055D1}"
EndProject
Project("{FAE04EC0-301F-11D3-BF4B-00C04F79EFBC}") = "WebAPI", "apps\SystemAdministrator\WebAPI\WebAPI.csproj", "{92A5EE89-B24F-4F16-A6A1-56254E95637E}"
EndProject
Project("{2150E333-8FDC-42A3-9474-1A3956D46DE8}") = "src", "src", "{E653ACD4-3E45-4676-ACB3-DAEBC2356C58}"
EndProject
Project("{FAE04EC0-301F-11D3-BF4B-00C04F79EFBC}") = "Clouds", "src\Clouds\Clouds.csproj", "{BD3E7457-D356-46F5-9071-9CDE65C59AF4}"
EndProject
Project("{FAE04EC0-301F-11D3-BF4B-00C04F79EFBC}") = "Shared", "src\Shared\Shared.csproj", "{EA61F253-A117-432E-9A9E-1FA02BD55614}"
EndProject
Project("{FAE04EC0-301F-11D3-BF4B-00C04F79EFBC}") = "SystemAdministrator", "src\SystemAdministrator\SystemAdministrator.csproj", "{31F1D6D8-DEF7-4223-A73C-8635B7489F94}"
EndProject
Project("{2150E333-8FDC-42A3-9474-1A3956D46DE8}") = "test", "test", "{60879EF9-E949-4CA7-8DF7-B48A009A9CA3}"
EndProject
Project("{2150E333-8FDC-42A3-9474-1A3956D46DE8}") = "apps", "apps", "{29AB56C7-03FE-46A6-AD1C-B2A419522882}"
EndProject
Project("{2150E333-8FDC-42A3-9474-1A3956D46DE8}") = "Clouds", "Clouds", "{17091C2B-07E8-4C7D-9804-933E9DD40586}"
EndProject
Project("{FAE04EC0-301F-11D3-BF4B-00C04F79EFBC}") = "CloudBackupsRecoveryTest", "test\apps\Clouds\CloudBackupsRecoveryTest\CloudBackupsRecoveryTest.csproj", "{F3D76C2C-9A50-485B-9210-713A15B55DE9}"
EndProject
Project("{2150E333-8FDC-42A3-9474-1A3956D46DE8}") = "SystemAdministrator", "SystemAdministrator", "{BD6341B9-6297-46E0-A40A-732A9F14B640}"
EndProject
Project("{FAE04EC0-301F-11D3-BF4B-00C04F79EFBC}") = "WebAPITest", "test\apps\SystemAdministrator\WebAPITest\WebAPITest.csproj", "{894E25AE-DFD1-4212-9117-39F6BC9642D0}"
EndProject
Project("{2150E333-8FDC-42A3-9474-1A3956D46DE8}") = "src", "src", "{EE71BD90-C2F5-487C-908D-5B019986ADEC}"
EndProject
Project("{FAE04EC0-301F-11D3-BF4B-00C04F79EFBC}") = "CloudsTest", "test\src\CloudsTest\CloudsTest.csproj", "{F9C886DA-3333-40C7-AA7B-D681354FD918}"
EndProject
Project("{FAE04EC0-301F-11D3-BF4B-00C04F79EFBC}") = "SystemAdministratorTest", "test\src\SystemAdministratorTest\SystemAdministratorTest.csproj", "{5F96037F-8A24-421C-A1B2-3FA6DEA47168}"
EndProject
Project("{FAE04EC0-301F-11D3-BF4B-00C04F79EFBC}") = "SharedTest", "test\src\SharedTest\SharedTest.csproj", "{0D6099F2-6849-4194-9CC1-5AFB3DA0A7C9}"
EndProject
Global
	GlobalSection(SolutionConfigurationPlatforms) = preSolution
		Debug|Any CPU = Debug|Any CPU
		Release|Any CPU = Release|Any CPU
	EndGlobalSection
	GlobalSection(SolutionProperties) = preSolution
		HideSolutionNode = FALSE
	EndGlobalSection
	GlobalSection(ProjectConfigurationPlatforms) = postSolution
		{D7D1CE20-8E85-4C06-B05B-A2EF0C141807}.Debug|Any CPU.ActiveCfg = Debug|Any CPU
		{D7D1CE20-8E85-4C06-B05B-A2EF0C141807}.Debug|Any CPU.Build.0 = Debug|Any CPU
		{D7D1CE20-8E85-4C06-B05B-A2EF0C141807}.Release|Any CPU.ActiveCfg = Release|Any CPU
		{D7D1CE20-8E85-4C06-B05B-A2EF0C141807}.Release|Any CPU.Build.0 = Release|Any CPU
		{BF2AD354-DCEF-4621-928A-5FD1782611B8}.Debug|Any CPU.ActiveCfg = Debug|Any CPU
		{BF2AD354-DCEF-4621-928A-5FD1782611B8}.Debug|Any CPU.Build.0 = Debug|Any CPU
		{BF2AD354-DCEF-4621-928A-5FD1782611B8}.Release|Any CPU.ActiveCfg = Release|Any CPU
		{BF2AD354-DCEF-4621-928A-5FD1782611B8}.Release|Any CPU.Build.0 = Release|Any CPU
		{271113A4-28CA-4C08-BC2F-04295626F700}.Debug|Any CPU.ActiveCfg = Debug|Any CPU
		{271113A4-28CA-4C08-BC2F-04295626F700}.Debug|Any CPU.Build.0 = Debug|Any CPU
		{271113A4-28CA-4C08-BC2F-04295626F700}.Release|Any CPU.ActiveCfg = Release|Any CPU
		{271113A4-28CA-4C08-BC2F-04295626F700}.Release|Any CPU.Build.0 = Release|Any CPU
		{44C74618-7D17-4FED-9F69-EF697D01C180}.Debug|Any CPU.ActiveCfg = Debug|Any CPU
		{44C74618-7D17-4FED-9F69-EF697D01C180}.Debug|Any CPU.Build.0 = Debug|Any CPU
		{44C74618-7D17-4FED-9F69-EF697D01C180}.Release|Any CPU.ActiveCfg = Release|Any CPU
		{44C74618-7D17-4FED-9F69-EF697D01C180}.Release|Any CPU.Build.0 = Release|Any CPU
		{57040E76-CC1F-4CEF-AB4C-DF52BA6C3678}.Debug|Any CPU.ActiveCfg = Debug|Any CPU
		{57040E76-CC1F-4CEF-AB4C-DF52BA6C3678}.Debug|Any CPU.Build.0 = Debug|Any CPU
		{57040E76-CC1F-4CEF-AB4C-DF52BA6C3678}.Release|Any CPU.ActiveCfg = Release|Any CPU
		{57040E76-CC1F-4CEF-AB4C-DF52BA6C3678}.Release|Any CPU.Build.0 = Release|Any CPU
		{1EA5861F-BA1C-479B-A893-6947B6CC84F4}.Debug|Any CPU.ActiveCfg = Debug|Any CPU
		{1EA5861F-BA1C-479B-A893-6947B6CC84F4}.Debug|Any CPU.Build.0 = Debug|Any CPU
		{1EA5861F-BA1C-479B-A893-6947B6CC84F4}.Release|Any CPU.ActiveCfg = Release|Any CPU
		{1EA5861F-BA1C-479B-A893-6947B6CC84F4}.Release|Any CPU.Build.0 = Release|Any CPU
		{0CB9F9E7-E840-4878-9AB4-919E247FDFD4}.Debug|Any CPU.ActiveCfg = Debug|Any CPU
		{0CB9F9E7-E840-4878-9AB4-919E247FDFD4}.Debug|Any CPU.Build.0 = Debug|Any CPU
		{0CB9F9E7-E840-4878-9AB4-919E247FDFD4}.Release|Any CPU.ActiveCfg = Release|Any CPU
		{0CB9F9E7-E840-4878-9AB4-919E247FDFD4}.Release|Any CPU.Build.0 = Release|Any CPU
		{6877634C-4A17-4633-A2C9-E1A41FA01976}.Debug|Any CPU.ActiveCfg = Debug|Any CPU
		{6877634C-4A17-4633-A2C9-E1A41FA01976}.Debug|Any CPU.Build.0 = Debug|Any CPU
		{6877634C-4A17-4633-A2C9-E1A41FA01976}.Release|Any CPU.ActiveCfg = Release|Any CPU
		{6877634C-4A17-4633-A2C9-E1A41FA01976}.Release|Any CPU.Build.0 = Release|Any CPU
		{62E170E6-87FF-44CF-BFD8-AEB40F59E5C2}.Debug|Any CPU.ActiveCfg = Debug|Any CPU
		{62E170E6-87FF-44CF-BFD8-AEB40F59E5C2}.Debug|Any CPU.Build.0 = Debug|Any CPU
		{62E170E6-87FF-44CF-BFD8-AEB40F59E5C2}.Release|Any CPU.ActiveCfg = Release|Any CPU
		{62E170E6-87FF-44CF-BFD8-AEB40F59E5C2}.Release|Any CPU.Build.0 = Release|Any CPU
		{242D616E-BD2B-4210-BDA3-ABDB677DA700}.Debug|Any CPU.ActiveCfg = Debug|Any CPU
		{242D616E-BD2B-4210-BDA3-ABDB677DA700}.Debug|Any CPU.Build.0 = Debug|Any CPU
		{242D616E-BD2B-4210-BDA3-ABDB677DA700}.Release|Any CPU.ActiveCfg = Release|Any CPU
		{242D616E-BD2B-4210-BDA3-ABDB677DA700}.Release|Any CPU.Build.0 = Release|Any CPU
		{986FF53C-44F9-4382-9373-B9BAAAA9330F}.Debug|Any CPU.ActiveCfg = Debug|Any CPU
		{986FF53C-44F9-4382-9373-B9BAAAA9330F}.Debug|Any CPU.Build.0 = Debug|Any CPU
		{986FF53C-44F9-4382-9373-B9BAAAA9330F}.Release|Any CPU.ActiveCfg = Release|Any CPU
		{986FF53C-44F9-4382-9373-B9BAAAA9330F}.Release|Any CPU.Build.0 = Release|Any CPU
		{9AEDF249-2F35-4ED4-8EA2-93A3E56531C1}.Debug|Any CPU.ActiveCfg = Debug|Any CPU
		{9AEDF249-2F35-4ED4-8EA2-93A3E56531C1}.Debug|Any CPU.Build.0 = Debug|Any CPU
		{9AEDF249-2F35-4ED4-8EA2-93A3E56531C1}.Release|Any CPU.ActiveCfg = Release|Any CPU
		{9AEDF249-2F35-4ED4-8EA2-93A3E56531C1}.Release|Any CPU.Build.0 = Release|Any CPU
		{5B382759-CD79-494C-AF6E-88B1311FCB2B}.Debug|Any CPU.ActiveCfg = Debug|Any CPU
		{5B382759-CD79-494C-AF6E-88B1311FCB2B}.Debug|Any CPU.Build.0 = Debug|Any CPU
		{5B382759-CD79-494C-AF6E-88B1311FCB2B}.Release|Any CPU.ActiveCfg = Release|Any CPU
		{5B382759-CD79-494C-AF6E-88B1311FCB2B}.Release|Any CPU.Build.0 = Release|Any CPU
		{7507EF61-949E-4028-AB37-9C58E152D773}.Debug|Any CPU.ActiveCfg = Debug|Any CPU
		{7507EF61-949E-4028-AB37-9C58E152D773}.Debug|Any CPU.Build.0 = Debug|Any CPU
		{7507EF61-949E-4028-AB37-9C58E152D773}.Release|Any CPU.ActiveCfg = Release|Any CPU
		{7507EF61-949E-4028-AB37-9C58E152D773}.Release|Any CPU.Build.0 = Release|Any CPU
		{3C7B5B2B-92F9-4390-B682-7546154F246C}.Debug|Any CPU.ActiveCfg = Debug|Any CPU
		{3C7B5B2B-92F9-4390-B682-7546154F246C}.Debug|Any CPU.Build.0 = Debug|Any CPU
		{3C7B5B2B-92F9-4390-B682-7546154F246C}.Release|Any CPU.ActiveCfg = Release|Any CPU
		{3C7B5B2B-92F9-4390-B682-7546154F246C}.Release|Any CPU.Build.0 = Release|Any CPU
		{72EC5F44-81BA-4CE3-A787-2B1A9AA5E52F}.Debug|Any CPU.ActiveCfg = Debug|Any CPU
		{72EC5F44-81BA-4CE3-A787-2B1A9AA5E52F}.Debug|Any CPU.Build.0 = Debug|Any CPU
		{72EC5F44-81BA-4CE3-A787-2B1A9AA5E52F}.Release|Any CPU.ActiveCfg = Release|Any CPU
		{72EC5F44-81BA-4CE3-A787-2B1A9AA5E52F}.Release|Any CPU.Build.0 = Release|Any CPU
		{E0CB04B3-7BFB-40B4-BAEB-6AFB08E35092}.Debug|Any CPU.ActiveCfg = Debug|Any CPU
		{E0CB04B3-7BFB-40B4-BAEB-6AFB08E35092}.Debug|Any CPU.Build.0 = Debug|Any CPU
		{E0CB04B3-7BFB-40B4-BAEB-6AFB08E35092}.Release|Any CPU.ActiveCfg = Release|Any CPU
		{E0CB04B3-7BFB-40B4-BAEB-6AFB08E35092}.Release|Any CPU.Build.0 = Release|Any CPU
		{9150B66C-2DE0-48DD-B019-DF977C58B97D}.Debug|Any CPU.ActiveCfg = Debug|Any CPU
		{9150B66C-2DE0-48DD-B019-DF977C58B97D}.Debug|Any CPU.Build.0 = Debug|Any CPU
		{9150B66C-2DE0-48DD-B019-DF977C58B97D}.Release|Any CPU.ActiveCfg = Release|Any CPU
		{9150B66C-2DE0-48DD-B019-DF977C58B97D}.Release|Any CPU.Build.0 = Release|Any CPU
		{AABAFCCA-26EF-46E2-B88B-8CD659338682}.Debug|Any CPU.ActiveCfg = Debug|Any CPU
		{AABAFCCA-26EF-46E2-B88B-8CD659338682}.Debug|Any CPU.Build.0 = Debug|Any CPU
		{AABAFCCA-26EF-46E2-B88B-8CD659338682}.Release|Any CPU.ActiveCfg = Release|Any CPU
		{AABAFCCA-26EF-46E2-B88B-8CD659338682}.Release|Any CPU.Build.0 = Release|Any CPU
		{92A5EE89-B24F-4F16-A6A1-56254E95637E}.Debug|Any CPU.ActiveCfg = Debug|Any CPU
		{92A5EE89-B24F-4F16-A6A1-56254E95637E}.Debug|Any CPU.Build.0 = Debug|Any CPU
		{92A5EE89-B24F-4F16-A6A1-56254E95637E}.Release|Any CPU.ActiveCfg = Release|Any CPU
		{92A5EE89-B24F-4F16-A6A1-56254E95637E}.Release|Any CPU.Build.0 = Release|Any CPU
		{BD3E7457-D356-46F5-9071-9CDE65C59AF4}.Debug|Any CPU.ActiveCfg = Debug|Any CPU
		{BD3E7457-D356-46F5-9071-9CDE65C59AF4}.Debug|Any CPU.Build.0 = Debug|Any CPU
		{BD3E7457-D356-46F5-9071-9CDE65C59AF4}.Release|Any CPU.ActiveCfg = Release|Any CPU
		{BD3E7457-D356-46F5-9071-9CDE65C59AF4}.Release|Any CPU.Build.0 = Release|Any CPU
		{EA61F253-A117-432E-9A9E-1FA02BD55614}.Debug|Any CPU.ActiveCfg = Debug|Any CPU
		{EA61F253-A117-432E-9A9E-1FA02BD55614}.Debug|Any CPU.Build.0 = Debug|Any CPU
		{EA61F253-A117-432E-9A9E-1FA02BD55614}.Release|Any CPU.ActiveCfg = Release|Any CPU
		{EA61F253-A117-432E-9A9E-1FA02BD55614}.Release|Any CPU.Build.0 = Release|Any CPU
		{31F1D6D8-DEF7-4223-A73C-8635B7489F94}.Debug|Any CPU.ActiveCfg = Debug|Any CPU
		{31F1D6D8-DEF7-4223-A73C-8635B7489F94}.Debug|Any CPU.Build.0 = Debug|Any CPU
		{31F1D6D8-DEF7-4223-A73C-8635B7489F94}.Release|Any CPU.ActiveCfg = Release|Any CPU
		{31F1D6D8-DEF7-4223-A73C-8635B7489F94}.Release|Any CPU.Build.0 = Release|Any CPU
		{F3D76C2C-9A50-485B-9210-713A15B55DE9}.Debug|Any CPU.ActiveCfg = Debug|Any CPU
		{F3D76C2C-9A50-485B-9210-713A15B55DE9}.Debug|Any CPU.Build.0 = Debug|Any CPU
		{F3D76C2C-9A50-485B-9210-713A15B55DE9}.Release|Any CPU.ActiveCfg = Release|Any CPU
		{F3D76C2C-9A50-485B-9210-713A15B55DE9}.Release|Any CPU.Build.0 = Release|Any CPU
		{894E25AE-DFD1-4212-9117-39F6BC9642D0}.Debug|Any CPU.ActiveCfg = Debug|Any CPU
		{894E25AE-DFD1-4212-9117-39F6BC9642D0}.Debug|Any CPU.Build.0 = Debug|Any CPU
		{894E25AE-DFD1-4212-9117-39F6BC9642D0}.Release|Any CPU.ActiveCfg = Release|Any CPU
		{894E25AE-DFD1-4212-9117-39F6BC9642D0}.Release|Any CPU.Build.0 = Release|Any CPU
		{F9C886DA-3333-40C7-AA7B-D681354FD918}.Debug|Any CPU.ActiveCfg = Debug|Any CPU
		{F9C886DA-3333-40C7-AA7B-D681354FD918}.Debug|Any CPU.Build.0 = Debug|Any CPU
		{F9C886DA-3333-40C7-AA7B-D681354FD918}.Release|Any CPU.ActiveCfg = Release|Any CPU
		{F9C886DA-3333-40C7-AA7B-D681354FD918}.Release|Any CPU.Build.0 = Release|Any CPU
		{5F96037F-8A24-421C-A1B2-3FA6DEA47168}.Debug|Any CPU.ActiveCfg = Debug|Any CPU
		{5F96037F-8A24-421C-A1B2-3FA6DEA47168}.Debug|Any CPU.Build.0 = Debug|Any CPU
		{5F96037F-8A24-421C-A1B2-3FA6DEA47168}.Release|Any CPU.ActiveCfg = Release|Any CPU
		{5F96037F-8A24-421C-A1B2-3FA6DEA47168}.Release|Any CPU.Build.0 = Release|Any CPU
		{0D6099F2-6849-4194-9CC1-5AFB3DA0A7C9}.Debug|Any CPU.ActiveCfg = Debug|Any CPU
		{0D6099F2-6849-4194-9CC1-5AFB3DA0A7C9}.Debug|Any CPU.Build.0 = Debug|Any CPU
		{0D6099F2-6849-4194-9CC1-5AFB3DA0A7C9}.Release|Any CPU.ActiveCfg = Release|Any CPU
		{0D6099F2-6849-4194-9CC1-5AFB3DA0A7C9}.Release|Any CPU.Build.0 = Release|Any CPU
	EndGlobalSection
	GlobalSection(NestedProjects) = preSolution
		{9CAF67E4-09A5-40CE-A1D5-A8CD9BE6CF38} = {673ECB37-CDA8-4634-A581-747B40C66593}
		{AABAFCCA-26EF-46E2-B88B-8CD659338682} = {9CAF67E4-09A5-40CE-A1D5-A8CD9BE6CF38}
		{60A2F1FB-0A3D-4737-95F0-CBBCA4A055D1} = {673ECB37-CDA8-4634-A581-747B40C66593}
		{92A5EE89-B24F-4F16-A6A1-56254E95637E} = {60A2F1FB-0A3D-4737-95F0-CBBCA4A055D1}
		{BD3E7457-D356-46F5-9071-9CDE65C59AF4} = {E653ACD4-3E45-4676-ACB3-DAEBC2356C58}
		{EA61F253-A117-432E-9A9E-1FA02BD55614} = {E653ACD4-3E45-4676-ACB3-DAEBC2356C58}
		{31F1D6D8-DEF7-4223-A73C-8635B7489F94} = {E653ACD4-3E45-4676-ACB3-DAEBC2356C58}
		{29AB56C7-03FE-46A6-AD1C-B2A419522882} = {60879EF9-E949-4CA7-8DF7-B48A009A9CA3}
		{17091C2B-07E8-4C7D-9804-933E9DD40586} = {29AB56C7-03FE-46A6-AD1C-B2A419522882}
		{F3D76C2C-9A50-485B-9210-713A15B55DE9} = {17091C2B-07E8-4C7D-9804-933E9DD40586}
		{BD6341B9-6297-46E0-A40A-732A9F14B640} = {29AB56C7-03FE-46A6-AD1C-B2A419522882}
		{894E25AE-DFD1-4212-9117-39F6BC9642D0} = {BD6341B9-6297-46E0-A40A-732A9F14B640}
		{EE71BD90-C2F5-487C-908D-5B019986ADEC} = {60879EF9-E949-4CA7-8DF7-B48A009A9CA3}
		{F9C886DA-3333-40C7-AA7B-D681354FD918} = {EE71BD90-C2F5-487C-908D-5B019986ADEC}
		{5F96037F-8A24-421C-A1B2-3FA6DEA47168} = {EE71BD90-C2F5-487C-908D-5B019986ADEC}
		{0D6099F2-6849-4194-9CC1-5AFB3DA0A7C9} = {EE71BD90-C2F5-487C-908D-5B019986ADEC}
	EndGlobalSection
EndGlobal
